
Microsoft Visual Studio Solution File, Format Version 12.00
# Visual Studio 15
VisualStudioVersion = 15.0.27130.2027
MinimumVisualStudioVersion = 10.0.40219.1
Project("{FAE04EC0-301F-11D3-BF4B-00C04F79EFBC}") = "Troian", "Troian\Troian.csproj", "{370C9406-4214-447C-A791-37B8BA194314}"
EndProject
Global
	GlobalSection(SolutionConfigurationPlatforms) = preSolution
		Debug|Any CPU = Debug|Any CPU
		Release|Any CPU = Release|Any CPU
	EndGlobalSection
	GlobalSection(ProjectConfigurationPlatforms) = postSolution
		{370C9406-4214-447C-A791-37B8BA194314}.Debug|Any CPU.ActiveCfg = Debug|Any CPU
		{370C9406-4214-447C-A791-37B8BA194314}.Debug|Any CPU.Build.0 = Debug|Any CPU
		{370C9406-4214-447C-A791-37B8BA194314}.Release|Any CPU.ActiveCfg = Release|Any CPU
		{370C9406-4214-447C-A791-37B8BA194314}.Release|Any CPU.Build.0 = Release|Any CPU
	EndGlobalSection
	GlobalSection(SolutionProperties) = preSolution
		HideSolutionNode = FALSE
	EndGlobalSection
	GlobalSection(ExtensibilityGlobals) = postSolution
		SolutionGuid = {CF9E6F22-22C2-458F-BD69-6DA4A9CBCE3B}
	EndGlobalSection
EndGlobal
